
Microsoft Visual Studio Solution File, Format Version 12.00
# Visual Studio Version 16
VisualStudioVersion = 16.0.30621.155
MinimumVisualStudioVersion = 10.0.40219.1
Project("{FAE04EC0-301F-11D3-BF4B-00C04F79EFBC}") = "FunctionBar", "FunctionBar\FunctionBar.csproj", "{80ABD3C3-4F2E-433B-BA07-C7CABCCC5960}"
EndProject
Project("{FAE04EC0-301F-11D3-BF4B-00C04F79EFBC}") = "FunctionBarDb", "FunctionBarDb\FunctionBarDb.csproj", "{E72DE94C-ABBC-4F72-9789-FBC05CBF36CE}"
EndProject
Global
	GlobalSection(SolutionConfigurationPlatforms) = preSolution
		Debug|Any CPU = Debug|Any CPU
		Release|Any CPU = Release|Any CPU
	EndGlobalSection
	GlobalSection(ProjectConfigurationPlatforms) = postSolution
		{80ABD3C3-4F2E-433B-BA07-C7CABCCC5960}.Debug|Any CPU.ActiveCfg = Debug|Any CPU
		{80ABD3C3-4F2E-433B-BA07-C7CABCCC5960}.Debug|Any CPU.Build.0 = Debug|Any CPU
		{80ABD3C3-4F2E-433B-BA07-C7CABCCC5960}.Release|Any CPU.ActiveCfg = Release|Any CPU
		{80ABD3C3-4F2E-433B-BA07-C7CABCCC5960}.Release|Any CPU.Build.0 = Release|Any CPU
		{E72DE94C-ABBC-4F72-9789-FBC05CBF36CE}.Debug|Any CPU.ActiveCfg = Debug|Any CPU
		{E72DE94C-ABBC-4F72-9789-FBC05CBF36CE}.Debug|Any CPU.Build.0 = Debug|Any CPU
		{E72DE94C-ABBC-4F72-9789-FBC05CBF36CE}.Release|Any CPU.ActiveCfg = Release|Any CPU
		{E72DE94C-ABBC-4F72-9789-FBC05CBF36CE}.Release|Any CPU.Build.0 = Release|Any CPU
	EndGlobalSection
	GlobalSection(SolutionProperties) = preSolution
		HideSolutionNode = FALSE
	EndGlobalSection
	GlobalSection(ExtensibilityGlobals) = postSolution
		SolutionGuid = {9640E669-8CE0-4869-AB50-57E9E0BA7ACC}
	EndGlobalSection
EndGlobal
